
Microsoft Visual Studio Solution File, Format Version 12.00
# Visual Studio 15
VisualStudioVersion = 15.0.28307.438
MinimumVisualStudioVersion = 10.0.40219.1
Project("{8BC9CEB8-8B4A-11D0-8D11-00A0C91BC942}") = "PosixThread_Sync", "PosixThread_Sync\PosixThread_Sync.vcxproj", "{186FD364-9C46-475A-B433-7C56CCA71E90}"
EndProject
Global
	GlobalSection(SolutionConfigurationPlatforms) = preSolution
		Debug|x64 = Debug|x64
		Debug|x86 = Debug|x86
		Release|x64 = Release|x64
		Release|x86 = Release|x86
	EndGlobalSection
	GlobalSection(ProjectConfigurationPlatforms) = postSolution
		{186FD364-9C46-475A-B433-7C56CCA71E90}.Debug|x64.ActiveCfg = Debug|x64
		{186FD364-9C46-475A-B433-7C56CCA71E90}.Debug|x64.Build.0 = Debug|x64
		{186FD364-9C46-475A-B433-7C56CCA71E90}.Debug|x86.ActiveCfg = Debug|Win32
		{186FD364-9C46-475A-B433-7C56CCA71E90}.Debug|x86.Build.0 = Debug|Win32
		{186FD364-9C46-475A-B433-7C56CCA71E90}.Release|x64.ActiveCfg = Release|x64
		{186FD364-9C46-475A-B433-7C56CCA71E90}.Release|x64.Build.0 = Release|x64
		{186FD364-9C46-475A-B433-7C56CCA71E90}.Release|x86.ActiveCfg = Release|Win32
		{186FD364-9C46-475A-B433-7C56CCA71E90}.Release|x86.Build.0 = Release|Win32
	EndGlobalSection
	GlobalSection(SolutionProperties) = preSolution
		HideSolutionNode = FALSE
	EndGlobalSection
	GlobalSection(ExtensibilityGlobals) = postSolution
		SolutionGuid = {D6EDBBD3-9280-49C2-9BCB-2A6D087E8082}
	EndGlobalSection
EndGlobal
